
Microsoft Visual Studio Solution File, Format Version 12.00
# Visual Studio Version 17
VisualStudioVersion = 17.8.34511.84
MinimumVisualStudioVersion = 10.0.40219.1
Project("{FAE04EC0-301F-11D3-BF4B-00C04F79EFBC}") = "ChecksumCalculator", "ChecksumCalculator.csproj", "{F251AE48-AB1A-4084-BE94-7B8C6D9D09C6}"
EndProject
Project("{FAE04EC0-301F-11D3-BF4B-00C04F79EFBC}") = "ChecksumCalculator.Tests", "..\ChecksumCalculator.Tests\ChecksumCalculator.Tests.csproj", "{A7993180-399C-4B50-BF9E-0865EE76FB41}"
EndProject
Global
	GlobalSection(SolutionConfigurationPlatforms) = preSolution
		Debug|Any CPU = Debug|Any CPU
		Release|Any CPU = Release|Any CPU
	EndGlobalSection
	GlobalSection(ProjectConfigurationPlatforms) = postSolution
		{F251AE48-AB1A-4084-BE94-7B8C6D9D09C6}.Debug|Any CPU.ActiveCfg = Debug|Any CPU
		{F251AE48-AB1A-4084-BE94-7B8C6D9D09C6}.Debug|Any CPU.Build.0 = Debug|Any CPU
		{F251AE48-AB1A-4084-BE94-7B8C6D9D09C6}.Release|Any CPU.ActiveCfg = Release|Any CPU
		{F251AE48-AB1A-4084-BE94-7B8C6D9D09C6}.Release|Any CPU.Build.0 = Release|Any CPU
		{A7993180-399C-4B50-BF9E-0865EE76FB41}.Debug|Any CPU.ActiveCfg = Debug|Any CPU
		{A7993180-399C-4B50-BF9E-0865EE76FB41}.Debug|Any CPU.Build.0 = Debug|Any CPU
		{A7993180-399C-4B50-BF9E-0865EE76FB41}.Release|Any CPU.ActiveCfg = Release|Any CPU
		{A7993180-399C-4B50-BF9E-0865EE76FB41}.Release|Any CPU.Build.0 = Release|Any CPU
	EndGlobalSection
	GlobalSection(SolutionProperties) = preSolution
		HideSolutionNode = FALSE
	EndGlobalSection
	GlobalSection(ExtensibilityGlobals) = postSolution
		SolutionGuid = {69150A9A-BB51-4E8C-849F-1464075ADC79}
	EndGlobalSection
EndGlobal
